hash: aa3f6b667a892efe31fbcfcae986ad3f7acd049b2cb0422e3475eef40fcfe155
updated: 2018-07-09T18:35:15.808286-07:00
imports:
- name: github.com/andybalholm/cascadia
  version: 901648c87902174f774fac311d7f176f8647bdaa
- name: github.com/entrik/httpclient
  version: 08b316040fd11ab63c48c122a4a3f42f6ef7b530
- name: github.com/jinzhu/inflection
  version: 04140366298a54a039076d798123ffa108fff46c
- name: github.com/labstack/echo
  version: d8a6dad02daaa987a7aa6a97c4896e345d2e9b4b
- name: github.com/labstack/gommon
  version: 2a618302b929cc20862dda3aa6f02f64dbe740dd
  subpackages:
  - color
  - log
- name: github.com/mattn/go-colorable
  version: efa589957cd060542a26d2dd7832fd6a6c6c3ade
- name: github.com/mattn/go-isatty
  version: 6ca4dbf54d38eea1a992b3c722a76a5d1c4cb25c
- name: github.com/PuerkitoBio/goquery
  version: dc2ec5c7ca4d9aae063b79b9f581dd3ea6afd2b2
- name: github.com/sirupsen/logrus
  version: e54a77765aca7bbdd8e56c1c54f60579968b2dc9
- name: github.com/valyala/bytebufferpool
  version: e746df99fe4a3986f4d4f79e13c1e0117ce9c2f7
- name: github.com/valyala/fasttemplate
  version: dcecefd839c4193db0d35b88ec65b4c12d360ab0
- name: golang.org/x/crypto
  version: a49355c7e3f8fe157a85be2f77e6e269a0f89602
  subpackages:
  - acme
  - acme/autocert
  - ssh/terminal
- name: golang.org/x/net
  version: 6a8eb5e2b1816b30aa88d7e3ecf9eb7c4559d9e6
  subpackages:
  - html
  - html/atom
- name: golang.org/x/sys
  version: 1b2967e3c290b7c545b3db0deeda16e9be4f98a2
  subpackages:
  - unix
  - windows
testImports: []
